
Microsoft Visual Studio Solution File, Format Version 12.00
# Visual Studio Version 17
VisualStudioVersion = 17.2.32602.215
MinimumVisualStudioVersion = 10.0.40219.1
Project("{9A19103F-16F7-4668-BE54-9A1E7A4F7556}") = "DEVCar", "DEVCar\DEVCar.csproj", "{C77464BB-E5A5-4389-9486-C49306D5BA44}"
EndProject
Project("{9A19103F-16F7-4668-BE54-9A1E7A4F7556}") = "DEVCar.Tests", "DEVCar.Tests\DEVCar.Tests.csproj", "{536D65A3-9EBD-4AD9-B1E9-817F0BDEFF95}"
EndProject
Global
	GlobalSection(SolutionConfigurationPlatforms) = preSolution
		Debug|Any CPU = Debug|Any CPU
		Release|Any CPU = Release|Any CPU
	EndGlobalSection
	GlobalSection(ProjectConfigurationPlatforms) = postSolution
		{C77464BB-E5A5-4389-9486-C49306D5BA44}.Debug|Any CPU.ActiveCfg = Debug|Any CPU
		{C77464BB-E5A5-4389-9486-C49306D5BA44}.Debug|Any CPU.Build.0 = Debug|Any CPU
		{C77464BB-E5A5-4389-9486-C49306D5BA44}.Release|Any CPU.ActiveCfg = Release|Any CPU
		{C77464BB-E5A5-4389-9486-C49306D5BA44}.Release|Any CPU.Build.0 = Release|Any CPU
		{536D65A3-9EBD-4AD9-B1E9-817F0BDEFF95}.Debug|Any CPU.ActiveCfg = Debug|Any CPU
		{536D65A3-9EBD-4AD9-B1E9-817F0BDEFF95}.Debug|Any CPU.Build.0 = Debug|Any CPU
		{536D65A3-9EBD-4AD9-B1E9-817F0BDEFF95}.Release|Any CPU.ActiveCfg = Release|Any CPU
		{536D65A3-9EBD-4AD9-B1E9-817F0BDEFF95}.Release|Any CPU.Build.0 = Release|Any CPU
	EndGlobalSection
	GlobalSection(SolutionProperties) = preSolution
		HideSolutionNode = FALSE
	EndGlobalSection
	GlobalSection(ExtensibilityGlobals) = postSolution
		SolutionGuid = {17586ECF-8069-48A0-9D52-8375052345D1}
	EndGlobalSection
EndGlobal
